
Microsoft Visual Studio Solution File, Format Version 12.00
# Visual Studio 15
VisualStudioVersion = 15.0.26430.16
MinimumVisualStudioVersion = 10.0.40219.1
Project("{FAE04EC0-301F-11D3-BF4B-00C04F79EFBC}") = "Logic", "Logic\Logic.csproj", "{D072EB57-15DA-4086-B139-4FCDA307FABE}"
EndProject
Project("{FAE04EC0-301F-11D3-BF4B-00C04F79EFBC}") = "Logic.UnitTest", "Logic.UnitTest\Logic.UnitTest.csproj", "{6D5E27A8-B212-4841-AE9E-E702C72E23AB}"
EndProject
Global
	GlobalSection(SolutionConfigurationPlatforms) = preSolution
		Debug|Any CPU = Debug|Any CPU
		Release|Any CPU = Release|Any CPU
	EndGlobalSection
	GlobalSection(ProjectConfigurationPlatforms) = postSolution
		{D072EB57-15DA-4086-B139-4FCDA307FABE}.Debug|Any CPU.ActiveCfg = Debug|Any CPU
		{D072EB57-15DA-4086-B139-4FCDA307FABE}.Debug|Any CPU.Build.0 = Debug|Any CPU
		{D072EB57-15DA-4086-B139-4FCDA307FABE}.Release|Any CPU.ActiveCfg = Release|Any CPU
		{D072EB57-15DA-4086-B139-4FCDA307FABE}.Release|Any CPU.Build.0 = Release|Any CPU
		{6D5E27A8-B212-4841-AE9E-E702C72E23AB}.Debug|Any CPU.ActiveCfg = Debug|Any CPU
		{6D5E27A8-B212-4841-AE9E-E702C72E23AB}.Debug|Any CPU.Build.0 = Debug|Any CPU
		{6D5E27A8-B212-4841-AE9E-E702C72E23AB}.Release|Any CPU.ActiveCfg = Release|Any CPU
		{6D5E27A8-B212-4841-AE9E-E702C72E23AB}.Release|Any CPU.Build.0 = Release|Any CPU
	EndGlobalSection
	GlobalSection(SolutionProperties) = preSolution
		HideSolutionNode = FALSE
	EndGlobalSection
EndGlobal
